// !$*UTF8*$!
{
	archiveVersion = 1;
	classes = {
	};
	objectVersion = 77;
	objects = {

/* Begin PBXBuildFile section */
		FCE9723F4B5416992CE29BCD /* Pods_WalkRoute.framework in Frameworks */ = {isa = PBXBuildFile; fileRef = 841C8066C5EC1E427332F5A0 /* Pods_WalkRoute.framework */; };
/* End PBXBuildFile section */

/* Begin PBXContainerItemProxy section */
		4A512BBC2DB447E600E4CBCE /* PBXContainerItemProxy */ = {
			isa = PBXContainerItemProxy;
			containerPortal = 4A512BA52DB447E400E4CBCE /* Project object */;
			proxyType = 1;
			remoteGlobalIDString = 4A512BAC2DB447E400E4CBCE;
			remoteInfo = WalkRoute;
		};
		4A512BC62DB447E600E4CBCE /* PBXContainerItemProxy */ = {
			isa = PBXContainerItemProxy;
			containerPortal = 4A512BA52DB447E400E4CBCE /* Project object */;
			proxyType = 1;
			remoteGlobalIDString = 4A512BAC2DB447E400E4CBCE;
			remoteInfo = WalkRoute;
		};
/* End PBXContainerItemProxy section */

/* Begin PBXFileReference section */
		4A512BAD2DB447E400E4CBCE /* WalkRoute.app */ = {isa = PBXFileReference; explicitFileType = wrapper.application; includeInIndex = 0; path = WalkRoute.app; sourceTree = BUILT_PRODUCTS_DIR; };
		4A512BBB2DB447E600E4CBCE /* WalkRouteTests.xctest */ = {isa = PBXFileReference; explicitFileType = wrapper.cfbundle; includeInIndex = 0; path = WalkRouteTests.xctest; sourceTree = BUILT_PRODUCTS_DIR; };
		4A512BC52DB447E600E4CBCE /* WalkRouteUITests.xctest */ = {isa = PBXFileReference; explicitFileType = wrapper.cfbundle; includeInIndex = 0; path = WalkRouteUITests.xctest; sourceTree = BUILT_PRODUCTS_DIR; };
		841C8066C5EC1E427332F5A0 /* Pods_WalkRoute.framework */ = {isa = PBXFileReference; explicitFileType = wrapper.framework; includeInIndex = 0; path = Pods_WalkRoute.framework; sourceTree = BUILT_PRODUCTS_DIR; };
		9F28E19E4BC45A58D035A494 /* Pods-WalkRoute.debug.xcconfig */ = {isa = PBXFileReference; includeInIndex = 1; lastKnownFileType = text.xcconfig; name = "Pods-WalkRoute.debug.xcconfig"; path = "Target Support Files/Pods-WalkRoute/Pods-WalkRoute.debug.xcconfig"; sourceTree = "<group>"; };
		EA3B0A589EFB2EEA508A7B70 /* Pods-WalkRoute.release.xcconfig */ = {isa = PBXFileReference; includeInIndex = 1; lastKnownFileType = text.xcconfig; name = "Pods-WalkRoute.release.xcconfig"; path = "Target Support Files/Pods-WalkRoute/Pods-WalkRoute.release.xcconfig"; sourceTree = "<group>"; };
/* End PBXFileReference section */

/* Begin PBXFileSystemSynchronizedBuildFileExceptionSet section */
		4A512C042DB463F400E4CBCE /* Exceptions for "WalkRoute" folder in "WalkRoute" target */ = {
			isa = PBXFileSystemSynchronizedBuildFileExceptionSet;
			membershipExceptions = (
				Resources/Info.plist,
			);
			target = 4A512BAC2DB447E400E4CBCE /* WalkRoute */;
		};
/* End PBXFileSystemSynchronizedBuildFileExceptionSet section */

/* Begin PBXFileSystemSynchronizedRootGroup section */
		4A512BAF2DB447E400E4CBCE /* WalkRoute */ = {
			isa = PBXFileSystemSynchronizedRootGroup;
			exceptions = (
				4A512C042DB463F400E4CBCE /* Exceptions for "WalkRoute" folder in "WalkRoute" target */,
			);
			path = WalkRoute;
			sourceTree = "<group>";
		};
		4A512BBE2DB447E600E4CBCE /* WalkRouteTests */ = {
			isa = PBXFileSystemSynchronizedRootGroup;
			path = WalkRouteTests;
			sourceTree = "<group>";
		};
		4A512BC82DB447E600E4CBCE /* WalkRouteUITests */ = {
			isa = PBXFileSystemSynchronizedRootGroup;
			path = WalkRouteUITests;
			sourceTree = "<group>";
		};
/* End PBXFileSystemSynchronizedRootGroup section */

/* Begin PBXFrameworksBuildPhase section */
		4A512BAA2DB447E400E4CBCE /* Frameworks */ = {
			isa = PBXFrameworksBuildPhase;
			buildActionMask = 2147483647;
			files = (
				FCE9723F4B5416992CE29BCD /* Pods_WalkRoute.framework in Frameworks */,
			);
			runOnlyForDeploymentPostprocessing = 0;
		};
		4A512BB82DB447E600E4CBCE /* Frameworks */ = {
			isa = PBXFrameworksBuildPhase;
			buildActionMask = 2147483647;
			files = (
			);
			runOnlyForDeploymentPostprocessing = 0;
		};
		4A512BC22DB447E600E4CBCE /* Frameworks */ = {
			isa = PBXFrameworksBuildPhase;
			buildActionMask = 2147483647;
			files = (
			);
			runOnlyForDeploymentPostprocessing = 0;
		};
/* End PBXFrameworksBuildPhase section */

/* Begin PBXGroup section */
		4A512BA42DB447E400E4CBCE = {
			isa = PBXGroup;
			children = (
				4A512BAF2DB447E400E4CBCE /* WalkRoute */,
				4A512BBE2DB447E600E4CBCE /* WalkRouteTests */,
				4A512BC82DB447E600E4CBCE /* WalkRouteUITests */,
				4A512BAE2DB447E400E4CBCE /* Products */,
				66E51BB924914789E578D65F /* Pods */,
				C92D9DF8A9A2808CD664C3FC /* Frameworks */,
			);
			sourceTree = "<group>";
		};
		4A512BAE2DB447E400E4CBCE /* Products */ = {
			isa = PBXGroup;
			children = (
				4A512BAD2DB447E400E4CBCE /* WalkRoute.app */,
				4A512BBB2DB447E600E4CBCE /* WalkRouteTests.xctest */,
				4A512BC52DB447E600E4CBCE /* WalkRouteUITests.xctest */,
			);
			name = Products;
			sourceTree = "<group>";
		};
		66E51BB924914789E578D65F /* Pods */ = {
			isa = PBXGroup;
			children = (
				9F28E19E4BC45A58D035A494 /* Pods-WalkRoute.debug.xcconfig */,
				EA3B0A589EFB2EEA508A7B70 /* Pods-WalkRoute.release.xcconfig */,
			);
			path = Pods;
			sourceTree = "<group>";
		};
		C92D9DF8A9A2808CD664C3FC /* Frameworks */ = {
			isa = PBXGroup;
			children = (
				841C8066C5EC1E427332F5A0 /* Pods_WalkRoute.framework */,
			);
			name = Frameworks;
			sourceTree = "<group>";
		};
/* End PBXGroup section */

/* Begin PBXNativeTarget section */
		4A512BAC2DB447E400E4CBCE /* WalkRoute */ = {
			isa = PBXNativeTarget;
			buildConfigurationList = 4A512BCF2DB447E600E4CBCE /* Build configuration list for PBXNativeTarget "WalkRoute" */;
			buildPhases = (
				342674A8B072061F5500F2A9 /* [CP] Check Pods Manifest.lock */,
				4A512BA92DB447E400E4CBCE /* Sources */,
				4A512BAA2DB447E400E4CBCE /* Frameworks */,
				4A512BAB2DB447E400E4CBCE /* Resources */,
				4A9A18A8359F005C6E0382C1 /* [CP] Copy Pods Resources */,
			);
			buildRules = (
			);
			dependencies = (
			);
			fileSystemSynchronizedGroups = (
				4A512BAF2DB447E400E4CBCE /* WalkRoute */,
			);
			name = WalkRoute;
			productName = WalkRoute;
			productReference = 4A512BAD2DB447E400E4CBCE /* WalkRoute.app */;
			productType = "com.apple.product-type.application";
		};
		4A512BBA2DB447E600E4CBCE /* WalkRouteTests */ = {
			isa = PBXNativeTarget;
			buildConfigurationList = 4A512BD22DB447E600E4CBCE /* Build configuration list for PBXNativeTarget "WalkRouteTests" */;
			buildPhases = (
				4A512BB72DB447E600E4CBCE /* Sources */,
				4A512BB82DB447E600E4CBCE /* Frameworks */,
				4A512BB92DB447E600E4CBCE /* Resources */,
			);
			buildRules = (
			);
			dependencies = (
				4A512BBD2DB447E600E4CBCE /* PBXTargetDependency */,
			);
			fileSystemSynchronizedGroups = (
				4A512BBE2DB447E600E4CBCE /* WalkRouteTests */,
			);
			name = WalkRouteTests;
			productName = WalkRouteTests;
			productReference = 4A512BBB2DB447E600E4CBCE /* WalkRouteTests.xctest */;
			productType = "com.apple.product-type.bundle.unit-test";
		};
		4A512BC42DB447E600E4CBCE /* WalkRouteUITests */ = {
			isa = PBXNativeTarget;
			buildConfigurationList = 4A512BD52DB447E600E4CBCE /* Build configuration list for PBXNativeTarget "WalkRouteUITests" */;
			buildPhases = (
				4A512BC12DB447E600E4CBCE /* Sources */,
				4A512BC22DB447E600E4CBCE /* Frameworks */,
				4A512BC32DB447E600E4CBCE /* Resources */,
			);
			buildRules = (
			);
			dependencies = (
				4A512BC72DB447E600E4CBCE /* PBXTargetDependency */,
			);
			fileSystemSynchronizedGroups = (
				4A512BC82DB447E600E4CBCE /* WalkRouteUITests */,
			);
			name = WalkRouteUITests;
			productName = WalkRouteUITests;
			productReference = 4A512BC52DB447E600E4CBCE /* WalkRouteUITests.xctest */;
			productType = "com.apple.product-type.bundle.ui-testing";
		};
/* End PBXNativeTarget section */

/* Begin PBXProject section */
		4A512BA52DB447E400E4CBCE /* Project object */ = {
			isa = PBXProject;
			attributes = {
				BuildIndependentTargetsInParallel = 1;
				LastSwiftUpdateCheck = 1630;
				LastUpgradeCheck = 1630;
				TargetAttributes = {
					4A512BAC2DB447E400E4CBCE = {
						CreatedOnToolsVersion = 16.3;
					};
					4A512BBA2DB447E600E4CBCE = {
						CreatedOnToolsVersion = 16.3;
						TestTargetID = 4A512BAC2DB447E400E4CBCE;
					};
					4A512BC42DB447E600E4CBCE = {
						CreatedOnToolsVersion = 16.3;
						TestTargetID = 4A512BAC2DB447E400E4CBCE;
					};
				};
			};
			buildConfigurationList = 4A512BA82DB447E400E4CBCE /* Build configuration list for PBXProject "WalkRoute" */;
			developmentRegion = en;
			hasScannedForEncodings = 0;
			knownRegions = (
				en,
				Base,
			);
			mainGroup = 4A512BA42DB447E400E4CBCE;
			minimizedProjectReferenceProxies = 1;
			preferredProjectObjectVersion = 77;
			productRefGroup = 4A512BAE2DB447E400E4CBCE /* Products */;
			projectDirPath = "";
			projectRoot = "";
			targets = (
				4A512BAC2DB447E400E4CBCE /* WalkRoute */,
				4A512BBA2DB447E600E4CBCE /* WalkRouteTests */,
				4A512BC42DB447E600E4CBCE /* WalkRouteUITests */,
			);
		};
/* End PBXProject section */

/* Begin PBXResourcesBuildPhase section */
		4A512BAB2DB447E400E4CBCE /* Resources */ = {
			isa = PBXResourcesBuildPhase;
			buildActionMask = 2147483647;
			files = (
			);
			runOnlyForDeploymentPostprocessing = 0;
		};
		4A512BB92DB447E600E4CBCE /* Resources */ = {
			isa = PBXResourcesBuildPhase;
			buildActionMask = 2147483647;
			files = (
			);
			runOnlyForDeploymentPostprocessing = 0;
		};
		4A512BC32DB447E600E4CBCE /* Resources */ = {
			isa = PBXResourcesBuildPhase;
			buildActionMask = 2147483647;
			files = (
			);
			runOnlyForDeploymentPostprocessing = 0;
		};
/* End PBXResourcesBuildPhase section */

/* Begin PBXShellScriptBuildPhase section */
		342674A8B072061F5500F2A9 /* [CP] Check Pods Manifest.lock */ = {
			isa = PBXShellScriptBuildPhase;
			buildActionMask = 2147483647;
			files = (
			);
			inputFileListPaths = (
			);
			inputPaths = (
				"${PODS_PODFILE_DIR_PATH}/Podfile.lock",
				"${PODS_ROOT}/Manifest.lock",
			);
			name = "[CP] Check Pods Manifest.lock";
			outputFileListPaths = (
			);
			outputPaths = (
				"$(DERIVED_FILE_DIR)/Pods-WalkRoute-checkManifestLockResult.txt",
			);
			runOnlyForDeploymentPostprocessing = 0;
			shellPath = /bin/sh;
			shellScript = "diff \"${PODS_PODFILE_DIR_PATH}/Podfile.lock\" \"${PODS_ROOT}/Manifest.lock\" > /dev/null\nif [ $? != 0 ] ; then\n    # print error to STDERR\n    echo \"error: The sandbox is not in sync with the Podfile.lock. Run 'pod install' or update your CocoaPods installation.\" >&2\n    exit 1\nfi\n# This output is used by Xcode 'outputs' to avoid re-running this script phase.\necho \"SUCCESS\" > \"${SCRIPT_OUTPUT_FILE_0}\"\n";
			showEnvVarsInLog = 0;
		};
		4A9A18A8359F005C6E0382C1 /* [CP] Copy Pods Resources */ = {
			isa = PBXShellScriptBuildPhase;
			buildActionMask = 2147483647;
			files = (
			);
			inputFileListPaths = (
				"${PODS_ROOT}/Target Support Files/Pods-WalkRoute/Pods-WalkRoute-resources-${CONFIGURATION}-input-files.xcfilelist",
			);
			inputPaths = (
			);
			name = "[CP] Copy Pods Resources";
			outputFileListPaths = (
				"${PODS_ROOT}/Target Support Files/Pods-WalkRoute/Pods-WalkRoute-resources-${CONFIGURATION}-output-files.xcfilelist",
			);
			outputPaths = (
			);
			runOnlyForDeploymentPostprocessing = 0;
			shellPath = /bin/sh;
			shellScript = "\"${PODS_ROOT}/Target Support Files/Pods-WalkRoute/Pods-WalkRoute-resources.sh\"\n";
			showEnvVarsInLog = 0;
		};
/* End PBXShellScriptBuildPhase section */

/* Begin PBXSourcesBuildPhase section */
		4A512BA92DB447E400E4CBCE /* Sources */ = {
			isa = PBXSourcesBuildPhase;
			buildActionMask = 2147483647;
			files = (
			);
			runOnlyForDeploymentPostprocessing = 0;
		};
		4A512BB72DB447E600E4CBCE /* Sources */ = {
			isa = PBXSourcesBuildPhase;
			buildActionMask = 2147483647;
			files = (
			);
			runOnlyForDeploymentPostprocessing = 0;
		};
		4A512BC12DB447E600E4CBCE /* Sources */ = {
			isa = PBXSourcesBuildPhase;
			buildActionMask = 2147483647;
			files = (
			);
			runOnlyForDeploymentPostprocessing = 0;
		};
/* End PBXSourcesBuildPhase section */

/* Begin PBXTargetDependency section */
		4A512BBD2DB447E600E4CBCE /* PBXTargetDependency */ = {
			isa = PBXTargetDependency;
			target = 4A512BAC2DB447E400E4CBCE /* WalkRoute */;
			targetProxy = 4A512BBC2DB447E600E4CBCE /* PBXContainerItemProxy */;
		};
		4A512BC72DB447E600E4CBCE /* PBXTargetDependency */ = {
			isa = PBXTargetDependency;
			target = 4A512BAC2DB447E400E4CBCE /* WalkRoute */;
			targetProxy = 4A512BC62DB447E600E4CBCE /* PBXContainerItemProxy */;
		};
/* End PBXTargetDependency section */

/* Begin XCBuildConfiguration section */
		4A512BCD2DB447E600E4CBCE /* Debug */ = {
			isa = XCBuildConfiguration;
			buildSettings = {
				ALWAYS_SEARCH_USER_PATHS = NO;
				ASSETCATALOG_COMPILER_GENERATE_SWIFT_ASSET_SYMBOL_EXTENSIONS = YES;
				CLANG_ANALYZER_NONNULL = YES;
				CLANG_ANALYZER_NUMBER_OBJECT_CONVERSION = YES_AGGRESSIVE;
				CLANG_CXX_LANGUAGE_STANDARD = "gnu++20";
				CLANG_ENABLE_MODULES = YES;
				CLANG_ENABLE_OBJC_ARC = YES;
				CLANG_ENABLE_OBJC_WEAK = YES;
				CLANG_WARN_BLOCK_CAPTURE_AUTORELEASING = YES;
				CLANG_WARN_BOOL_CONVERSION = YES;
				CLANG_WARN_COMMA = YES;
				CLANG_WARN_CONSTANT_CONVERSION = YES;
				CLANG_WARN_DEPRECATED_OBJC_IMPLEMENTATIONS = YES;
				CLANG_WARN_DIRECT_OBJC_ISA_USAGE = YES_ERROR;
				CLANG_WARN_DOCUMENTATION_COMMENTS = YES;
				CLANG_WARN_EMPTY_BODY = YES;
				CLANG_WARN_ENUM_CONVERSION = YES;
				CLANG_WARN_INFINITE_RECURSION = YES;
				CLANG_WARN_INT_CONVERSION = YES;
				CLANG_WARN_NON_LITERAL_NULL_CONVERSION = YES;
				CLANG_WARN_OBJC_IMPLICIT_RETAIN_SELF = YES;
				CLANG_WARN_OBJC_LITERAL_CONVERSION = YES;
				CLANG_WARN_OBJC_ROOT_CLASS = YES_ERROR;
				CLANG_WARN_QUOTED_INCLUDE_IN_FRAMEWORK_HEADER = YES;
				CLANG_WARN_RANGE_LOOP_ANALYSIS = YES;
				CLANG_WARN_STRICT_PROTOTYPES = YES;
				CLANG_WARN_SUSPICIOUS_MOVE = YES;
				CLANG_WARN_UNGUARDED_AVAILABILITY = YES_AGGRESSIVE;
				CLANG_WARN_UNREACHABLE_CODE = YES;
				CLANG_WARN__DUPLICATE_METHOD_MATCH = YES;
				COPY_PHASE_STRIP = NO;
				DEBUG_INFORMATION_FORMAT = dwarf;
				DEVELOPMENT_TEAM = ZFTLV6JJD8;
				ENABLE_STRICT_OBJC_MSGSEND = YES;
				ENABLE_TESTABILITY = YES;
				ENABLE_USER_SCRIPT_SANDBOXING = YES;
				GCC_C_LANGUAGE_STANDARD = gnu17;
				GCC_DYNAMIC_NO_PIC = NO;
				GCC_NO_COMMON_BLOCKS = YES;
				GCC_OPTIMIZATION_LEVEL = 0;
				GCC_PREPROCESSOR_DEFINITIONS = (
					"DEBUG=1",
					"$(inherited)",
				);
				GCC_WARN_64_TO_32_BIT_CONVERSION = YES;
				GCC_WARN_ABOUT_RETURN_TYPE = YES_ERROR;
				GCC_WARN_UNDECLARED_SELECTOR = YES;
				GCC_WARN_UNINITIALIZED_AUTOS = YES_AGGRESSIVE;
				GCC_WARN_UNUSED_FUNCTION = YES;
				GCC_WARN_UNUSED_VARIABLE = YES;
				LOCALIZATION_PREFERS_STRING_CATALOGS = YES;
				MTL_ENABLE_DEBUG_INFO = INCLUDE_SOURCE;
				MTL_FAST_MATH = YES;
				ONLY_ACTIVE_ARCH = YES;
				SWIFT_ACTIVE_COMPILATION_CONDITIONS = "DEBUG $(inherited)";
				SWIFT_OPTIMIZATION_LEVEL = "-Onone";
			};
			name = Debug;
		};
		4A512BCE2DB447E600E4CBCE /* Release */ = {
			isa = XCBuildConfiguration;
			buildSettings = {
				ALWAYS_SEARCH_USER_PATHS = NO;
				ASSETCATALOG_COMPILER_GENERATE_SWIFT_ASSET_SYMBOL_EXTENSIONS = YES;
				CLANG_ANALYZER_NONNULL = YES;
				CLANG_ANALYZER_NUMBER_OBJECT_CONVERSION = YES_AGGRESSIVE;
				CLANG_CXX_LANGUAGE_STANDARD = "gnu++20";
				CLANG_ENABLE_MODULES = YES;
				CLANG_ENABLE_OBJC_ARC = YES;
				CLANG_ENABLE_OBJC_WEAK = YES;
				CLANG_WARN_BLOCK_CAPTURE_AUTORELEASING = YES;
				CLANG_WARN_BOOL_CONVERSION = YES;
				CLANG_WARN_COMMA = YES;
				CLANG_WARN_CONSTANT_CONVERSION = YES;
				CLANG_WARN_DEPRECATED_OBJC_IMPLEMENTATIONS = YES;
				CLANG_WARN_DIRECT_OBJC_ISA_USAGE = YES_ERROR;
				CLANG_WARN_DOCUMENTATION_COMMENTS = YES;
				CLANG_WARN_EMPTY_BODY = YES;
				CLANG_WARN_ENUM_CONVERSION = YES;
				CLANG_WARN_INFINITE_RECURSION = YES;
				CLANG_WARN_INT_CONVERSION = YES;
				CLANG_WARN_NON_LITERAL_NULL_CONVERSION = YES;
				CLANG_WARN_OBJC_IMPLICIT_RETAIN_SELF = YES;
				CLANG_WARN_OBJC_LITERAL_CONVERSION = YES;
				CLANG_WARN_OBJC_ROOT_CLASS = YES_ERROR;
				CLANG_WARN_QUOTED_INCLUDE_IN_FRAMEWORK_HEADER = YES;
				CLANG_WARN_RANGE_LOOP_ANALYSIS = YES;
				CLANG_WARN_STRICT_PROTOTYPES = YES;
				CLANG_WARN_SUSPICIOUS_MOVE = YES;
				CLANG_WARN_UNGUARDED_AVAILABILITY = YES_AGGRESSIVE;
				CLANG_WARN_UNREACHABLE_CODE = YES;
				CLANG_WARN__DUPLICATE_METHOD_MATCH = YES;
				COPY_PHASE_STRIP = NO;
				DEBUG_INFORMATION_FORMAT = "dwarf-with-dsym";
				DEVELOPMENT_TEAM = ZFTLV6JJD8;
				ENABLE_NS_ASSERTIONS = NO;
				ENABLE_STRICT_OBJC_MSGSEND = YES;
				ENABLE_USER_SCRIPT_SANDBOXING = YES;
				GCC_C_LANGUAGE_STANDARD = gnu17;
				GCC_NO_COMMON_BLOCKS = YES;
				GCC_WARN_64_TO_32_BIT_CONVERSION = YES;
				GCC_WARN_ABOUT_RETURN_TYPE = YES_ERROR;
				GCC_WARN_UNDECLARED_SELECTOR = YES;
				GCC_WARN_UNINITIALIZED_AUTOS = YES_AGGRESSIVE;
				GCC_WARN_UNUSED_FUNCTION = YES;
				GCC_WARN_UNUSED_VARIABLE = YES;
				LOCALIZATION_PREFERS_STRING_CATALOGS = YES;
				MTL_ENABLE_DEBUG_INFO = NO;
				MTL_FAST_MATH = YES;
				SWIFT_COMPILATION_MODE = wholemodule;
			};
			name = Release;
		};
		4A512BD02DB447E600E4CBCE /* Debug */ = {
			isa = XCBuildConfiguration;
			baseConfigurationReference = 9F28E19E4BC45A58D035A494 /* Pods-WalkRoute.debug.xcconfig */;
			buildSettings = {
				ASSETCATALOG_COMPILER_APPICON_NAME = AppIcon;
				ASSETCATALOG_COMPILER_GLOBAL_ACCENT_COLOR_NAME = AccentColor;
				CODE_SIGN_ENTITLEMENTS = "";
				CODE_SIGN_STYLE = Automatic;
				CURRENT_PROJECT_VERSION = 1;
				DEVELOPMENT_TEAM = ZFTLV6JJD8;
				ENABLE_HARDENED_RUNTIME = YES;
				ENABLE_PREVIEWS = YES;
				ENABLE_USER_SCRIPT_SANDBOXING = NO;
				GENERATE_INFOPLIST_FILE = YES;
				INFOPLIST_FILE = WalkRoute/Resources/Info.plist;
				"INFOPLIST_KEY_UIApplicationSceneManifest_Generation[sdk=iphoneos*]" = YES;
				"INFOPLIST_KEY_UIApplicationSceneManifest_Generation[sdk=iphonesimulator*]" = YES;
				"INFOPLIST_KEY_UIApplicationSupportsIndirectInputEvents[sdk=iphoneos*]" = YES;
				"INFOPLIST_KEY_UIApplicationSupportsIndirectInputEvents[sdk=iphonesimulator*]" = YES;
				"INFOPLIST_KEY_UILaunchScreen_Generation[sdk=iphoneos*]" = YES;
				"INFOPLIST_KEY_UILaunchScreen_Generation[sdk=iphonesimulator*]" = YES;
				"INFOPLIST_KEY_UIStatusBarStyle[sdk=iphoneos*]" = UIStatusBarStyleDefault;
				"INFOPLIST_KEY_UIStatusBarStyle[sdk=iphonesimulator*]" = UIStatusBarStyleDefault;
				INFOPLIST_KEY_UISupportedInterfaceOrientations_iPad = "UIInterfaceOrientationPortrait UIInterfaceOrientationPortraitUpsideDown UIInterfaceOrientationLandscapeLeft UIInterfaceOrientationLandscapeRight";
				INFOPLIST_KEY_UISupportedInterfaceOrientations_iPhone = "UIInterfaceOrientationPortrait UIInterfaceOrientationLandscapeLeft UIInterfaceOrientationLandscapeRight";
				IPHONEOS_DEPLOYMENT_TARGET = 18.4;
				LD_RUNPATH_SEARCH_PATHS = "@executable_path/Frameworks";
				"LD_RUNPATH_SEARCH_PATHS[sdk=macosx*]" = "@executable_path/../Frameworks";
				MACOSX_DEPLOYMENT_TARGET = 15.3;
				MARKETING_VERSION = 1.0;
				PRODUCT_BUNDLE_IDENTIFIER = com.shambhavi.WalkRoute;
				PRODUCT_NAME = "$(TARGET_NAME)";
				REGISTER_APP_GROUPS = YES;
				SDKROOT = auto;
				SUPPORTED_PLATFORMS = "iphoneos iphonesimulator macosx xros xrsimulator";
				SWIFT_EMIT_LOC_STRINGS = YES;
				SWIFT_VERSION = 5.0;
				TARGETED_DEVICE_FAMILY = "1,2,7";
				XROS_DEPLOYMENT_TARGET = 2.4;
			};
			name = Debug;
		};
		4A512BD12DB447E600E4CBCE /* Release */ = {
			isa = XCBuildConfiguration;
			baseConfigurationReference = EA3B0A589EFB2EEA508A7B70 /* Pods-WalkRoute.release.xcconfig */;
			buildSettings = {
				ASSETCATALOG_COMPILER_APPICON_NAME = AppIcon;
				ASSETCATALOG_COMPILER_GLOBAL_ACCENT_COLOR_NAME = AccentColor;
				CODE_SIGN_ENTITLEMENTS = "";
				CODE_SIGN_STYLE = Automatic;
				CURRENT_PROJECT_VERSION = 1;
				DEVELOPMENT_TEAM = ZFTLV6JJD8;
				ENABLE_HARDENED_RUNTIME = YES;
				ENABLE_PREVIEWS = YES;
				ENABLE_USER_SCRIPT_SANDBOXING = NO;
				GENERATE_INFOPLIST_FILE = YES;
				INFOPLIST_FILE = WalkRoute/Resources/Info.plist;
				"INFOPLIST_KEY_UIApplicationSceneManifest_Generation[sdk=iphoneos*]" = YES;
				"INFOPLIST_KEY_UIApplicationSceneManifest_Generation[sdk=iphonesimulator*]" = YES;
				"INFOPLIST_KEY_UIApplicationSupportsIndirectInputEvents[sdk=iphoneos*]" = YES;
				"INFOPLIST_KEY_UIApplicationSupportsIndirectInputEvents[sdk=iphonesimulator*]" = YES;
				"INFOPLIST_KEY_UILaunchScreen_Generation[sdk=iphoneos*]" = YES;
				"INFOPLIST_KEY_UILaunchScreen_Generation[sdk=iphonesimulator*]" = YES;
				"INFOPLIST_KEY_UIStatusBarStyle[sdk=iphoneos*]" = UIStatusBarStyleDefault;
				"INFOPLIST_KEY_UIStatusBarStyle[sdk=iphonesimulator*]" = UIStatusBarStyleDefault;
				INFOPLIST_KEY_UISupportedInterfaceOrientations_iPad = "UIInterfaceOrientationPortrait UIInterfaceOrientationPortraitUpsideDown UIInterfaceOrientationLandscapeLeft UIInterfaceOrientationLandscapeRight";
				INFOPLIST_KEY_UISupportedInterfaceOrientations_iPhone = "UIInterfaceOrientationPortrait UIInterfaceOrientationLandscapeLeft UIInterfaceOrientationLandscapeRight";
				IPHONEOS_DEPLOYMENT_TARGET = 18.4;
				LD_RUNPATH_SEARCH_PATHS = "@executable_path/Frameworks";
				"LD_RUNPATH_SEARCH_PATHS[sdk=macosx*]" = "@executable_path/../Frameworks";
				MACOSX_DEPLOYMENT_TARGET = 15.3;
				MARKETING_VERSION = 1.0;
				PRODUCT_BUNDLE_IDENTIFIER = com.shambhavi.WalkRoute;
				PRODUCT_NAME = "$(TARGET_NAME)";
				REGISTER_APP_GROUPS = YES;
				SDKROOT = auto;
				SUPPORTED_PLATFORMS = "iphoneos iphonesimulator macosx xros xrsimulator";
				SWIFT_EMIT_LOC_STRINGS = YES;
				SWIFT_VERSION = 5.0;
				TARGETED_DEVICE_FAMILY = "1,2,7";
				XROS_DEPLOYMENT_TARGET = 2.4;
			};
			name = Release;
		};
		4A512BD32DB447E600E4CBCE /* Debug */ = {
			isa = XCBuildConfiguration;
			buildSettings = {
				BUNDLE_LOADER = "$(TEST_HOST)";
				CODE_SIGN_STYLE = Automatic;
				CURRENT_PROJECT_VERSION = 1;
				DEVELOPMENT_TEAM = ZFTLV6JJD8;
				GENERATE_INFOPLIST_FILE = YES;
				IPHONEOS_DEPLOYMENT_TARGET = 18.4;
				MACOSX_DEPLOYMENT_TARGET = 15.3;
				MARKETING_VERSION = 1.0;
				PRODUCT_BUNDLE_IDENTIFIER = com.shambhavi.WalkRouteTests;
				PRODUCT_NAME = "$(TARGET_NAME)";
				SDKROOT = auto;
				SUPPORTED_PLATFORMS = "iphoneos iphonesimulator macosx xros xrsimulator";
				SWIFT_EMIT_LOC_STRINGS = NO;
				SWIFT_VERSION = 5.0;
				TARGETED_DEVICE_FAMILY = "1,2,7";
				TEST_HOST = "$(BUILT_PRODUCTS_DIR)/WalkRoute.app/$(BUNDLE_EXECUTABLE_FOLDER_PATH)/WalkRoute";
				XROS_DEPLOYMENT_TARGET = 2.4;
			};
			name = Debug;
		};
		4A512BD42DB447E600E4CBCE /* Release */ = {
			isa = XCBuildConfiguration;
			buildSettings = {
				BUNDLE_LOADER = "$(TEST_HOST)";
				CODE_SIGN_STYLE = Automatic;
				CURRENT_PROJECT_VERSION = 1;
				DEVELOPMENT_TEAM = ZFTLV6JJD8;
				GENERATE_INFOPLIST_FILE = YES;
				IPHONEOS_DEPLOYMENT_TARGET = 18.4;
				MACOSX_DEPLOYMENT_TARGET = 15.3;
				MARKETING_VERSION = 1.0;
				PRODUCT_BUNDLE_IDENTIFIER = com.shambhavi.WalkRouteTests;
				PRODUCT_NAME = "$(TARGET_NAME)";
				SDKROOT = auto;
				SUPPORTED_PLATFORMS = "iphoneos iphonesimulator macosx xros xrsimulator";
				SWIFT_EMIT_LOC_STRINGS = NO;
				SWIFT_VERSION = 5.0;
				TARGETED_DEVICE_FAMILY = "1,2,7";
				TEST_HOST = "$(BUILT_PRODUCTS_DIR)/WalkRoute.app/$(BUNDLE_EXECUTABLE_FOLDER_PATH)/WalkRoute";
				XROS_DEPLOYMENT_TARGET = 2.4;
			};
			name = Release;
		};
		4A512BD62DB447E600E4CBCE /* Debug */ = {
			isa = XCBuildConfiguration;
			buildSettings = {
				CODE_SIGN_STYLE = Automatic;
				CURRENT_PROJECT_VERSION = 1;
				DEVELOPMENT_TEAM = ZFTLV6JJD8;
				GENERATE_INFOPLIST_FILE = YES;
				IPHONEOS_DEPLOYMENT_TARGET = 18.4;
				MACOSX_DEPLOYMENT_TARGET = 15.3;
				MARKETING_VERSION = 1.0;
				PRODUCT_BUNDLE_IDENTIFIER = com.shambhavi.WalkRouteUITests;
				PRODUCT_NAME = "$(TARGET_NAME)";
				SDKROOT = auto;
				SUPPORTED_PLATFORMS = "iphoneos iphonesimulator macosx xros xrsimulator";
				SWIFT_EMIT_LOC_STRINGS = NO;
				SWIFT_VERSION = 5.0;
				TARGETED_DEVICE_FAMILY = "1,2,7";
				TEST_TARGET_NAME = WalkRoute;
				XROS_DEPLOYMENT_TARGET = 2.4;
			};
			name = Debug;
		};
		4A512BD72DB447E600E4CBCE /* Release */ = {
			isa = XCBuildConfiguration;
			buildSettings = {
				CODE_SIGN_STYLE = Automatic;
				CURRENT_PROJECT_VERSION = 1;
				DEVELOPMENT_TEAM = ZFTLV6JJD8;
				GENERATE_INFOPLIST_FILE = YES;
				IPHONEOS_DEPLOYMENT_TARGET = 18.4;
				MACOSX_DEPLOYMENT_TARGET = 15.3;
				MARKETING_VERSION = 1.0;
				PRODUCT_BUNDLE_IDENTIFIER = com.shambhavi.WalkRouteUITests;
				PRODUCT_NAME = "$(TARGET_NAME)";
				SDKROOT = auto;
				SUPPORTED_PLATFORMS = "iphoneos iphonesimulator macosx xros xrsimulator";
				SWIFT_EMIT_LOC_STRINGS = NO;
				SWIFT_VERSION = 5.0;
				TARGETED_DEVICE_FAMILY = "1,2,7";
				TEST_TARGET_NAME = WalkRoute;
				XROS_DEPLOYMENT_TARGET = 2.4;
			};
			name = Release;
		};
/* End XCBuildConfiguration section */

/* Begin XCConfigurationList section */
		4A512BA82DB447E400E4CBCE /* Build configuration list for PBXProject "WalkRoute" */ = {
			isa = XCConfigurationList;
			buildConfigurations = (
				4A512BCD2DB447E600E4CBCE /* Debug */,
				4A512BCE2DB447E600E4CBCE /* Release */,
			);
			defaultConfigurationIsVisible = 0;
			defaultConfigurationName = Release;
		};
		4A512BCF2DB447E600E4CBCE /* Build configuration list for PBXNativeTarget "WalkRoute" */ = {
			isa = XCConfigurationList;
			buildConfigurations = (
				4A512BD02DB447E600E4CBCE /* Debug */,
				4A512BD12DB447E600E4CBCE /* Release */,
			);
			defaultConfigurationIsVisible = 0;
			defaultConfigurationName = Release;
		};
		4A512BD22DB447E600E4CBCE /* Build configuration list for PBXNativeTarget "WalkRouteTests" */ = {
			isa = XCConfigurationList;
			buildConfigurations = (
				4A512BD32DB447E600E4CBCE /* Debug */,
				4A512BD42DB447E600E4CBCE /* Release */,
			);
			defaultConfigurationIsVisible = 0;
			defaultConfigurationName = Release;
		};
		4A512BD52DB447E600E4CBCE /* Build configuration list for PBXNativeTarget "WalkRouteUITests" */ = {
			isa = XCConfigurationList;
			buildConfigurations = (
				4A512BD62DB447E600E4CBCE /* Debug */,
				4A512BD72DB447E600E4CBCE /* Release */,
			);
			defaultConfigurationIsVisible = 0;
			defaultConfigurationName = Release;
		};
/* End XCConfigurationList section */
	};
	rootObject = 4A512BA52DB447E400E4CBCE /* Project object */;
}
